// !$*UTF8*$!
{
	archiveVersion = 1;
	classes = {
	};
	objectVersion = 50;
	objects = {

/* Begin PBXBuildFile section */
		C0CC0ADA24B334BC00395604 /* AppDelegate.swift in Sources */ = {isa = PBXBuildFile; fileRef = C0CC0AD924B334BC00395604 /* AppDelegate.swift */; };
		C0CC0AFE24B33C8400395604 /* TestProtocolHandler.swift in Sources */ = {isa = PBXBuildFile; fileRef = C0CC0AFD24B33C8400395604 /* TestProtocolHandler.swift */; };
		C0CC0B0124B33D5500395604 /* ExampleNetworkClient.swift in Sources */ = {isa = PBXBuildFile; fileRef = C0CC0B0024B33D5500395604 /* ExampleNetworkClient.swift */; };
		C0CC0B0424B33E7500395604 /* ExampleNetworkClientTests.swift in Sources */ = {isa = PBXBuildFile; fileRef = C0CC0B0324B33E7500395604 /* ExampleNetworkClientTests.swift */; };
/* End PBXBuildFile section */

/* Begin PBXContainerItemProxy section */
		C0CC0AED24B334BD00395604 /* PBXContainerItemProxy */ = {
			isa = PBXContainerItemProxy;
			containerPortal = C0CC0ACE24B334BC00395604 /* Project object */;
			proxyType = 1;
			remoteGlobalIDString = C0CC0AD524B334BC00395604;
			remoteInfo = SomeNetworkApp;
		};
/* End PBXContainerItemProxy section */

/* Begin PBXFileReference section */
		C0CC0AD624B334BC00395604 /* SomeNetworkApp.app */ = {isa = PBXFileReference; explicitFileType = wrapper.application; includeInIndex = 0; path = SomeNetworkApp.app; sourceTree = BUILT_PRODUCTS_DIR; };
		C0CC0AD924B334BC00395604 /* AppDelegate.swift */ = {isa = PBXFileReference; lastKnownFileType = sourcecode.swift; path = AppDelegate.swift; sourceTree = "<group>"; };
		C0CC0AE724B334BD00395604 /* Info.plist */ = {isa = PBXFileReference; lastKnownFileType = text.plist.xml; path = Info.plist; sourceTree = "<group>"; };
		C0CC0AEC24B334BD00395604 /* SomeNetworkAppTests.xctest */ = {isa = PBXFileReference; explicitFileType = wrapper.cfbundle; includeInIndex = 0; path = SomeNetworkAppTests.xctest; sourceTree = BUILT_PRODUCTS_DIR; };
		C0CC0AF224B334BD00395604 /* Info.plist */ = {isa = PBXFileReference; lastKnownFileType = text.plist.xml; path = Info.plist; sourceTree = "<group>"; };
		C0CC0AFD24B33C8400395604 /* TestProtocolHandler.swift */ = {isa = PBXFileReference; fileEncoding = 4; lastKnownFileType = sourcecode.swift; path = TestProtocolHandler.swift; sourceTree = "<group>"; };
		C0CC0B0024B33D5500395604 /* ExampleNetworkClient.swift */ = {isa = PBXFileReference; lastKnownFileType = sourcecode.swift; path = ExampleNetworkClient.swift; sourceTree = "<group>"; };
		C0CC0B0324B33E7500395604 /* ExampleNetworkClientTests.swift */ = {isa = PBXFileReference; lastKnownFileType = sourcecode.swift; path = ExampleNetworkClientTests.swift; sourceTree = "<group>"; };
		C0E83BC424BC903500A1D9A8 /* README.markdown */ = {isa = PBXFileReference; lastKnownFileType = net.daringfireball.markdown; path = README.markdown; sourceTree = "<group>"; };
/* End PBXFileReference section */

/* Begin PBXFrameworksBuildPhase section */
		C0CC0AD324B334BC00395604 /* Frameworks */ = {
			isa = PBXFrameworksBuildPhase;
			buildActionMask = 2147483647;
			files = (
			);
			runOnlyForDeploymentPostprocessing = 0;
		};
		C0CC0AE924B334BD00395604 /* Frameworks */ = {
			isa = PBXFrameworksBuildPhase;
			buildActionMask = 2147483647;
			files = (
			);
			runOnlyForDeploymentPostprocessing = 0;
		};
/* End PBXFrameworksBuildPhase section */

/* Begin PBXGroup section */
		C0CC0ACD24B334BC00395604 = {
			isa = PBXGroup;
			children = (
				C0E83BC424BC903500A1D9A8 /* README.markdown */,
				C0CC0AFB24B33BB100395604 /* Tests */,
				C0CC0AD824B334BC00395604 /* SomeNetworkApp */,
				C0CC0AD724B334BC00395604 /* Products */,
			);
			sourceTree = "<group>";
		};
		C0CC0AD724B334BC00395604 /* Products */ = {
			isa = PBXGroup;
			children = (
				C0CC0AD624B334BC00395604 /* SomeNetworkApp.app */,
				C0CC0AEC24B334BD00395604 /* SomeNetworkAppTests.xctest */,
			);
			name = Products;
			sourceTree = "<group>";
		};
		C0CC0AD824B334BC00395604 /* SomeNetworkApp */ = {
			isa = PBXGroup;
			children = (
				C0CC0AFF24B33D4300395604 /* Services */,
				C0CC0AD924B334BC00395604 /* AppDelegate.swift */,
				C0CC0AE724B334BD00395604 /* Info.plist */,
			);
			path = SomeNetworkApp;
			sourceTree = "<group>";
		};
		C0CC0AEF24B334BD00395604 /* SomeNetworkAppTests */ = {
			isa = PBXGroup;
			children = (
				C0CC0B0224B33E4C00395604 /* Services */,
				C0CC0AF224B334BD00395604 /* Info.plist */,
			);
			path = SomeNetworkAppTests;
			sourceTree = "<group>";
		};
		C0CC0AFB24B33BB100395604 /* Tests */ = {
			isa = PBXGroup;
			children = (
				C0CC0AFC24B33BF000395604 /* TestUtilities */,
				C0CC0AEF24B334BD00395604 /* SomeNetworkAppTests */,
			);
			path = Tests;
			sourceTree = "<group>";
		};
		C0CC0AFC24B33BF000395604 /* TestUtilities */ = {
			isa = PBXGroup;
			children = (
				C0CC0AFD24B33C8400395604 /* TestProtocolHandler.swift */,
			);
			path = TestUtilities;
			sourceTree = "<group>";
		};
		C0CC0AFF24B33D4300395604 /* Services */ = {
			isa = PBXGroup;
			children = (
				C0CC0B0024B33D5500395604 /* ExampleNetworkClient.swift */,
			);
			path = Services;
			sourceTree = "<group>";
		};
		C0CC0B0224B33E4C00395604 /* Services */ = {
			isa = PBXGroup;
			children = (
				C0CC0B0324B33E7500395604 /* ExampleNetworkClientTests.swift */,
			);
			path = Services;
			sourceTree = "<group>";
		};
/* End PBXGroup section */

/* Begin PBXNativeTarget section */
		C0CC0AD524B334BC00395604 /* SomeNetworkApp */ = {
			isa = PBXNativeTarget;
			buildConfigurationList = C0CC0AF524B334BD00395604 /* Build configuration list for PBXNativeTarget "SomeNetworkApp" */;
			buildPhases = (
				C0CC0AD224B334BC00395604 /* Sources */,
				C0CC0AD324B334BC00395604 /* Frameworks */,
				C0CC0AD424B334BC00395604 /* Resources */,
			);
			buildRules = (
			);
			dependencies = (
			);
			name = SomeNetworkApp;
			productName = SomeNetworkApp;
			productReference = C0CC0AD624B334BC00395604 /* SomeNetworkApp.app */;
			productType = "com.apple.product-type.application";
		};
		C0CC0AEB24B334BD00395604 /* SomeNetworkAppTests */ = {
			isa = PBXNativeTarget;
			buildConfigurationList = C0CC0AF824B334BD00395604 /* Build configuration list for PBXNativeTarget "SomeNetworkAppTests" */;
			buildPhases = (
				C0CC0AE824B334BD00395604 /* Sources */,
				C0CC0AE924B334BD00395604 /* Frameworks */,
				C0CC0AEA24B334BD00395604 /* Resources */,
			);
			buildRules = (
			);
			dependencies = (
				C0CC0AEE24B334BD00395604 /* PBXTargetDependency */,
			);
			name = SomeNetworkAppTests;
			productName = SomeNetworkAppTests;
			productReference = C0CC0AEC24B334BD00395604 /* SomeNetworkAppTests.xctest */;
			productType = "com.apple.product-type.bundle.unit-test";
		};
/* End PBXNativeTarget section */

/* Begin PBXProject section */
		C0CC0ACE24B334BC00395604 /* Project object */ = {
			isa = PBXProject;
			attributes = {
				LastSwiftUpdateCheck = 1150;
				LastUpgradeCheck = 1150;
				ORGANIZATIONNAME = "Basil Salad Software";
				TargetAttributes = {
					C0CC0AD524B334BC00395604 = {
						CreatedOnToolsVersion = 11.5;
					};
					C0CC0AEB24B334BD00395604 = {
						CreatedOnToolsVersion = 11.5;
						TestTargetID = C0CC0AD524B334BC00395604;
					};
				};
			};
			buildConfigurationList = C0CC0AD124B334BC00395604 /* Build configuration list for PBXProject "SomeNetworkApp" */;
			compatibilityVersion = "Xcode 9.3";
			developmentRegion = en;
			hasScannedForEncodings = 0;
			knownRegions = (
				en,
				Base,
			);
			mainGroup = C0CC0ACD24B334BC00395604;
			productRefGroup = C0CC0AD724B334BC00395604 /* Products */;
			projectDirPath = "";
			projectRoot = "";
			targets = (
				C0CC0AD524B334BC00395604 /* SomeNetworkApp */,
				C0CC0AEB24B334BD00395604 /* SomeNetworkAppTests */,
			);
		};
/* End PBXProject section */

/* Begin PBXResourcesBuildPhase section */
		C0CC0AD424B334BC00395604 /* Resources */ = {
			isa = PBXResourcesBuildPhase;
			buildActionMask = 2147483647;
			files = (
			);
			runOnlyForDeploymentPostprocessing = 0;
		};
		C0CC0AEA24B334BD00395604 /* Resources */ = {
			isa = PBXResourcesBuildPhase;
			buildActionMask = 2147483647;
			files = (
			);
			runOnlyForDeploymentPostprocessing = 0;
		};
/* End PBXResourcesBuildPhase section */

/* Begin PBXSourcesBuildPhase section */
		C0CC0AD224B334BC00395604 /* Sources */ = {
			isa = PBXSourcesBuildPhase;
			buildActionMask = 2147483647;
			files = (
				C0CC0B0124B33D5500395604 /* ExampleNetworkClient.swift in Sources */,
				C0CC0ADA24B334BC00395604 /* AppDelegate.swift in Sources */,
			);
			runOnlyForDeploymentPostprocessing = 0;
		};
		C0CC0AE824B334BD00395604 /* Sources */ = {
			isa = PBXSourcesBuildPhase;
			buildActionMask = 2147483647;
			files = (
				C0CC0B0424B33E7500395604 /* ExampleNetworkClientTests.swift in Sources */,
				C0CC0AFE24B33C8400395604 /* TestProtocolHandler.swift in Sources */,
			);
			runOnlyForDeploymentPostprocessing = 0;
		};
/* End PBXSourcesBuildPhase section */

/* Begin PBXTargetDependency section */
		C0CC0AEE24B334BD00395604 /* PBXTargetDependency */ = {
			isa = PBXTargetDependency;
			target = C0CC0AD524B334BC00395604 /* SomeNetworkApp */;
			targetProxy = C0CC0AED24B334BD00395604 /* PBXContainerItemProxy */;
		};
/* End PBXTargetDependency section */

/* Begin XCBuildConfiguration section */
		C0CC0AF324B334BD00395604 /* Debug */ = {
			isa = XCBuildConfiguration;
			buildSettings = {
				ALWAYS_SEARCH_USER_PATHS = NO;
				CLANG_ANALYZER_NONNULL = YES;
				CLANG_ANALYZER_NUMBER_OBJECT_CONVERSION = YES_AGGRESSIVE;
				CLANG_CXX_LANGUAGE_STANDARD = "gnu++14";
				CLANG_CXX_LIBRARY = "libc++";
				CLANG_ENABLE_MODULES = YES;
				CLANG_ENABLE_OBJC_ARC = YES;
				CLANG_ENABLE_OBJC_WEAK = YES;
				CLANG_WARN_BLOCK_CAPTURE_AUTORELEASING = YES;
				CLANG_WARN_BOOL_CONVERSION = YES;
				CLANG_WARN_COMMA = YES;
				CLANG_WARN_CONSTANT_CONVERSION = YES;
				CLANG_WARN_DEPRECATED_OBJC_IMPLEMENTATIONS = YES;
				CLANG_WARN_DIRECT_OBJC_ISA_USAGE = YES_ERROR;
				CLANG_WARN_DOCUMENTATION_COMMENTS = YES;
				CLANG_WARN_EMPTY_BODY = YES;
				CLANG_WARN_ENUM_CONVERSION = YES;
				CLANG_WARN_INFINITE_RECURSION = YES;
				CLANG_WARN_INT_CONVERSION = YES;
				CLANG_WARN_NON_LITERAL_NULL_CONVERSION = YES;
				CLANG_WARN_OBJC_IMPLICIT_RETAIN_SELF = YES;
				CLANG_WARN_OBJC_LITERAL_CONVERSION = YES;
				CLANG_WARN_OBJC_ROOT_CLASS = YES_ERROR;
				CLANG_WARN_RANGE_LOOP_ANALYSIS = YES;
				CLANG_WARN_STRICT_PROTOTYPES = YES;
				CLANG_WARN_SUSPICIOUS_MOVE = YES;
				CLANG_WARN_UNGUARDED_AVAILABILITY = YES_AGGRESSIVE;
				CLANG_WARN_UNREACHABLE_CODE = YES;
				CLANG_WARN__DUPLICATE_METHOD_MATCH = YES;
				COPY_PHASE_STRIP = NO;
				DEBUG_INFORMATION_FORMAT = dwarf;
				ENABLE_STRICT_OBJC_MSGSEND = YES;
				ENABLE_TESTABILITY = YES;
				GCC_C_LANGUAGE_STANDARD = gnu11;
				GCC_DYNAMIC_NO_PIC = NO;
				GCC_NO_COMMON_BLOCKS = YES;
				GCC_OPTIMIZATION_LEVEL = 0;
				GCC_PREPROCESSOR_DEFINITIONS = (
					"DEBUG=1",
					"$(inherited)",
				);
				GCC_WARN_64_TO_32_BIT_CONVERSION = YES;
				GCC_WARN_ABOUT_RETURN_TYPE = YES_ERROR;
				GCC_WARN_UNDECLARED_SELECTOR = YES;
				GCC_WARN_UNINITIALIZED_AUTOS = YES_AGGRESSIVE;
				GCC_WARN_UNUSED_FUNCTION = YES;
				GCC_WARN_UNUSED_VARIABLE = YES;
				IPHONEOS_DEPLOYMENT_TARGET = 13.5;
				MTL_ENABLE_DEBUG_INFO = INCLUDE_SOURCE;
				MTL_FAST_MATH = YES;
				ONLY_ACTIVE_ARCH = YES;
				SDKROOT = iphoneos;
				SWIFT_ACTIVE_COMPILATION_CONDITIONS = DEBUG;
				SWIFT_OPTIMIZATION_LEVEL = "-Onone";
			};
			name = Debug;
		};
		C0CC0AF424B334BD00395604 /* Release */ = {
			isa = XCBuildConfiguration;
			buildSettings = {
				ALWAYS_SEARCH_USER_PATHS = NO;
				CLANG_ANALYZER_NONNULL = YES;
				CLANG_ANALYZER_NUMBER_OBJECT_CONVERSION = YES_AGGRESSIVE;
				CLANG_CXX_LANGUAGE_STANDARD = "gnu++14";
				CLANG_CXX_LIBRARY = "libc++";
				CLANG_ENABLE_MODULES = YES;
				CLANG_ENABLE_OBJC_ARC = YES;
				CLANG_ENABLE_OBJC_WEAK = YES;
				CLANG_WARN_BLOCK_CAPTURE_AUTORELEASING = YES;
				CLANG_WARN_BOOL_CONVERSION = YES;
				CLANG_WARN_COMMA = YES;
				CLANG_WARN_CONSTANT_CONVERSION = YES;
				CLANG_WARN_DEPRECATED_OBJC_IMPLEMENTATIONS = YES;
				CLANG_WARN_DIRECT_OBJC_ISA_USAGE = YES_ERROR;
				CLANG_WARN_DOCUMENTATION_COMMENTS = YES;
				CLANG_WARN_EMPTY_BODY = YES;
				CLANG_WARN_ENUM_CONVERSION = YES;
				CLANG_WARN_INFINITE_RECURSION = YES;
				CLANG_WARN_INT_CONVERSION = YES;
				CLANG_WARN_NON_LITERAL_NULL_CONVERSION = YES;
				CLANG_WARN_OBJC_IMPLICIT_RETAIN_SELF = YES;
				CLANG_WARN_OBJC_LITERAL_CONVERSION = YES;
				CLANG_WARN_OBJC_ROOT_CLASS = YES_ERROR;
				CLANG_WARN_RANGE_LOOP_ANALYSIS = YES;
				CLANG_WARN_STRICT_PROTOTYPES = YES;
				CLANG_WARN_SUSPICIOUS_MOVE = YES;
				CLANG_WARN_UNGUARDED_AVAILABILITY = YES_AGGRESSIVE;
				CLANG_WARN_UNREACHABLE_CODE = YES;
				CLANG_WARN__DUPLICATE_METHOD_MATCH = YES;
				COPY_PHASE_STRIP = NO;
				DEBUG_INFORMATION_FORMAT = "dwarf-with-dsym";
				ENABLE_NS_ASSERTIONS = NO;
				ENABLE_STRICT_OBJC_MSGSEND = YES;
				GCC_C_LANGUAGE_STANDARD = gnu11;
				GCC_NO_COMMON_BLOCKS = YES;
				GCC_WARN_64_TO_32_BIT_CONVERSION = YES;
				GCC_WARN_ABOUT_RETURN_TYPE = YES_ERROR;
				GCC_WARN_UNDECLARED_SELECTOR = YES;
				GCC_WARN_UNINITIALIZED_AUTOS = YES_AGGRESSIVE;
				GCC_WARN_UNUSED_FUNCTION = YES;
				GCC_WARN_UNUSED_VARIABLE = YES;
				IPHONEOS_DEPLOYMENT_TARGET = 13.5;
				MTL_ENABLE_DEBUG_INFO = NO;
				MTL_FAST_MATH = YES;
				SDKROOT = iphoneos;
				SWIFT_COMPILATION_MODE = wholemodule;
				SWIFT_OPTIMIZATION_LEVEL = "-O";
				VALIDATE_PRODUCT = YES;
			};
			name = Release;
		};
		C0CC0AF624B334BD00395604 /* Debug */ = {
			isa = XCBuildConfiguration;
			buildSettings = {
				ASSETCATALOG_COMPILER_APPICON_NAME = AppIcon;
				CODE_SIGN_STYLE = Automatic;
				DEVELOPMENT_TEAM = F3VP86DSRS;
				ENABLE_PREVIEWS = YES;
				INFOPLIST_FILE = SomeNetworkApp/Info.plist;
				LD_RUNPATH_SEARCH_PATHS = (
					"$(inherited)",
					"@executable_path/Frameworks",
				);
				PRODUCT_BUNDLE_IDENTIFIER = com.basilsalad.SomeNetworkApp;
				PRODUCT_NAME = "$(TARGET_NAME)";
				SWIFT_VERSION = 5.0;
				TARGETED_DEVICE_FAMILY = "1,2";
			};
			name = Debug;
		};
		C0CC0AF724B334BD00395604 /* Release */ = {
			isa = XCBuildConfiguration;
			buildSettings = {
				ASSETCATALOG_COMPILER_APPICON_NAME = AppIcon;
				CODE_SIGN_STYLE = Automatic;
				DEVELOPMENT_TEAM = F3VP86DSRS;
				ENABLE_PREVIEWS = YES;
				INFOPLIST_FILE = SomeNetworkApp/Info.plist;
				LD_RUNPATH_SEARCH_PATHS = (
					"$(inherited)",
					"@executable_path/Frameworks",
				);
				PRODUCT_BUNDLE_IDENTIFIER = com.basilsalad.SomeNetworkApp;
				PRODUCT_NAME = "$(TARGET_NAME)";
				SWIFT_VERSION = 5.0;
				TARGETED_DEVICE_FAMILY = "1,2";
			};
			name = Release;
		};
		C0CC0AF924B334BD00395604 /* Debug */ = {
			isa = XCBuildConfiguration;
			buildSettings = {
				ALWAYS_EMBED_SWIFT_STANDARD_LIBRARIES = YES;
				BUNDLE_LOADER = "$(TEST_HOST)";
				CODE_SIGN_STYLE = Automatic;
				DEVELOPMENT_TEAM = F3VP86DSRS;
				INFOPLIST_FILE = Tests/SomeNetworkAppTests/Info.plist;
				IPHONEOS_DEPLOYMENT_TARGET = 13.5;
				LD_RUNPATH_SEARCH_PATHS = (
					"$(inherited)",
					"@executable_path/Frameworks",
					"@loader_path/Frameworks",
				);
				PRODUCT_BUNDLE_IDENTIFIER = com.basilsalad.SomeNetworkAppTests;
				PRODUCT_NAME = "$(TARGET_NAME)";
				SWIFT_VERSION = 5.0;
				TARGETED_DEVICE_FAMILY = "1,2";
				TEST_HOST = "$(BUILT_PRODUCTS_DIR)/SomeNetworkApp.app/SomeNetworkApp";
			};
			name = Debug;
		};
		C0CC0AFA24B334BD00395604 /* Release */ = {
			isa = XCBuildConfiguration;
			buildSettings = {
				ALWAYS_EMBED_SWIFT_STANDARD_LIBRARIES = YES;
				BUNDLE_LOADER = "$(TEST_HOST)";
				CODE_SIGN_STYLE = Automatic;
				DEVELOPMENT_TEAM = F3VP86DSRS;
				INFOPLIST_FILE = Tests/SomeNetworkAppTests/Info.plist;
				IPHONEOS_DEPLOYMENT_TARGET = 13.5;
				LD_RUNPATH_SEARCH_PATHS = (
					"$(inherited)",
					"@executable_path/Frameworks",
					"@loader_path/Frameworks",
				);
				PRODUCT_BUNDLE_IDENTIFIER = com.basilsalad.SomeNetworkAppTests;
				PRODUCT_NAME = "$(TARGET_NAME)";
				SWIFT_VERSION = 5.0;
				TARGETED_DEVICE_FAMILY = "1,2";
				TEST_HOST = "$(BUILT_PRODUCTS_DIR)/SomeNetworkApp.app/SomeNetworkApp";
			};
			name = Release;
		};
/* End XCBuildConfiguration section */

/* Begin XCConfigurationList section */
		C0CC0AD124B334BC00395604 /* Build configuration list for PBXProject "SomeNetworkApp" */ = {
			isa = XCConfigurationList;
			buildConfigurations = (
				C0CC0AF324B334BD00395604 /* Debug */,
				C0CC0AF424B334BD00395604 /* Release */,
			);
			defaultConfigurationIsVisible = 0;
			defaultConfigurationName = Release;
		};
		C0CC0AF524B334BD00395604 /* Build configuration list for PBXNativeTarget "SomeNetworkApp" */ = {
			isa = XCConfigurationList;
			buildConfigurations = (
				C0CC0AF624B334BD00395604 /* Debug */,
				C0CC0AF724B334BD00395604 /* Release */,
			);
			defaultConfigurationIsVisible = 0;
			defaultConfigurationName = Release;
		};
		C0CC0AF824B334BD00395604 /* Build configuration list for PBXNativeTarget "SomeNetworkAppTests" */ = {
			isa = XCConfigurationList;
			buildConfigurations = (
				C0CC0AF924B334BD00395604 /* Debug */,
				C0CC0AFA24B334BD00395604 /* Release */,
			);
			defaultConfigurationIsVisible = 0;
			defaultConfigurationName = Release;
		};
/* End XCConfigurationList section */
	};
	rootObject = C0CC0ACE24B334BC00395604 /* Project object */;
}
